// !$*UTF8*$!
{
	archiveVersion = 1;
	classes = {
	};
	objectVersion = 46;
	objects = {

/* Begin PBXBuildFile section */
		00F38D1D1EB6CC5000BFD38D /* AppDelegate.swift in Sources */ = {isa = PBXBuildFile; fileRef = 00F38D1C1EB6CC5000BFD38D /* AppDelegate.swift */; };
		00F38D1F1EB6CC5000BFD38D /* ViewController.swift in Sources */ = {isa = PBXBuildFile; fileRef = 00F38D1E1EB6CC5000BFD38D /* ViewController.swift */; };
		00F38D221EB6CC5000BFD38D /* Main.storyboard in Resources */ = {isa = PBXBuildFile; fileRef = 00F38D201EB6CC5000BFD38D /* Main.storyboard */; };
		00F38D241EB6CC5000BFD38D /* Assets.xcassets in Resources */ = {isa = PBXBuildFile; fileRef = 00F38D231EB6CC5000BFD38D /* Assets.xcassets */; };
		00F38D271EB6CC5000BFD38D /* LaunchScreen.storyboard in Resources */ = {isa = PBXBuildFile; fileRef = 00F38D251EB6CC5000BFD38D /* LaunchScreen.storyboard */; };
		00F38D321EB6CC5000BFD38D /* mapkitSwift3Tests.swift in Sources */ = {isa = PBXBuildFile; fileRef = 00F38D311EB6CC5000BFD38D /* mapkitSwift3Tests.swift */; };
		00F38D3D1EB6CC5000BFD38D /* mapkitSwift3UITests.swift in Sources */ = {isa = PBXBuildFile; fileRef = 00F38D3C1EB6CC5000BFD38D /* mapkitSwift3UITests.swift */; };
/* End PBXBuildFile section */

/* Begin PBXContainerItemProxy section */
		00F38D2E1EB6CC5000BFD38D /* PBXContainerItemProxy */ = {
			isa = PBXContainerItemProxy;
			containerPortal = 00F38D111EB6CC5000BFD38D /* Project object */;
			proxyType = 1;
			remoteGlobalIDString = 00F38D181EB6CC5000BFD38D;
			remoteInfo = mapkitSwift3;
		};
		00F38D391EB6CC5000BFD38D /* PBXContainerItemProxy */ = {
			isa = PBXContainerItemProxy;
			containerPortal = 00F38D111EB6CC5000BFD38D /* Project object */;
			proxyType = 1;
			remoteGlobalIDString = 00F38D181EB6CC5000BFD38D;
			remoteInfo = mapkitSwift3;
		};
/* End PBXContainerItemProxy section */

/* Begin PBXFileReference section */
		00F38D191EB6CC5000BFD38D /* mapkitSwift3.app */ = {isa = PBXFileReference; explicitFileType = wrapper.application; includeInIndex = 0; path = mapkitSwift3.app; sourceTree = BUILT_PRODUCTS_DIR; };
		00F38D1C1EB6CC5000BFD38D /* AppDelegate.swift */ = {isa = PBXFileReference; lastKnownFileType = sourcecode.swift; path = AppDelegate.swift; sourceTree = "<group>"; };
		00F38D1E1EB6CC5000BFD38D /* ViewController.swift */ = {isa = PBXFileReference; lastKnownFileType = sourcecode.swift; path = ViewController.swift; sourceTree = "<group>"; };
		00F38D211EB6CC5000BFD38D /* Base */ = {isa = PBXFileReference; lastKnownFileType = file.storyboard; name = Base; path = Base.lproj/Main.storyboard; sourceTree = "<group>"; };
		00F38D231EB6CC5000BFD38D /* Assets.xcassets */ = {isa = PBXFileReference; lastKnownFileType = folder.assetcatalog; path = Assets.xcassets; sourceTree = "<group>"; };
		00F38D261EB6CC5000BFD38D /* Base */ = {isa = PBXFileReference; lastKnownFileType = file.storyboard; name = Base; path = Base.lproj/LaunchScreen.storyboard; sourceTree = "<group>"; };
		00F38D281EB6CC5000BFD38D /* Info.plist */ = {isa = PBXFileReference; lastKnownFileType = text.plist.xml; path = Info.plist; sourceTree = "<group>"; };
		00F38D2D1EB6CC5000BFD38D /* mapkitSwift3Tests.xctest */ = {isa = PBXFileReference; explicitFileType = wrapper.cfbundle; includeInIndex = 0; path = mapkitSwift3Tests.xctest; sourceTree = BUILT_PRODUCTS_DIR; };
		00F38D311EB6CC5000BFD38D /* mapkitSwift3Tests.swift */ = {isa = PBXFileReference; lastKnownFileType = sourcecode.swift; path = mapkitSwift3Tests.swift; sourceTree = "<group>"; };
		00F38D331EB6CC5000BFD38D /* Info.plist */ = {isa = PBXFileReference; lastKnownFileType = text.plist.xml; path = Info.plist; sourceTree = "<group>"; };
		00F38D381EB6CC5000BFD38D /* mapkitSwift3UITests.xctest */ = {isa = PBXFileReference; explicitFileType = wrapper.cfbundle; includeInIndex = 0; path = mapkitSwift3UITests.xctest; sourceTree = BUILT_PRODUCTS_DIR; };
		00F38D3C1EB6CC5000BFD38D /* mapkitSwift3UITests.swift */ = {isa = PBXFileReference; lastKnownFileType = sourcecode.swift; path = mapkitSwift3UITests.swift; sourceTree = "<group>"; };
		00F38D3E1EB6CC5000BFD38D /* Info.plist */ = {isa = PBXFileReference; lastKnownFileType = text.plist.xml; path = Info.plist; sourceTree = "<group>"; };
/* End PBXFileReference section */

/* Begin PBXFrameworksBuildPhase section */
		00F38D161EB6CC5000BFD38D /* Frameworks */ = {
			isa = PBXFrameworksBuildPhase;
			buildActionMask = 2147483647;
			files = (
			);
			runOnlyForDeploymentPostprocessing = 0;
		};
		00F38D2A1EB6CC5000BFD38D /* Frameworks */ = {
			isa = PBXFrameworksBuildPhase;
			buildActionMask = 2147483647;
			files = (
			);
			runOnlyForDeploymentPostprocessing = 0;
		};
		00F38D351EB6CC5000BFD38D /* Frameworks */ = {
			isa = PBXFrameworksBuildPhase;
			buildActionMask = 2147483647;
			files = (
			);
			runOnlyForDeploymentPostprocessing = 0;
		};
/* End PBXFrameworksBuildPhase section */

/* Begin PBXGroup section */
		00F38D101EB6CC5000BFD38D = {
			isa = PBXGroup;
			children = (
				00F38D1B1EB6CC5000BFD38D /* mapkitSwift3 */,
				00F38D301EB6CC5000BFD38D /* mapkitSwift3Tests */,
				00F38D3B1EB6CC5000BFD38D /* mapkitSwift3UITests */,
				00F38D1A1EB6CC5000BFD38D /* Products */,
			);
			sourceTree = "<group>";
		};
		00F38D1A1EB6CC5000BFD38D /* Products */ = {
			isa = PBXGroup;
			children = (
				00F38D191EB6CC5000BFD38D /* mapkitSwift3.app */,
				00F38D2D1EB6CC5000BFD38D /* mapkitSwift3Tests.xctest */,
				00F38D381EB6CC5000BFD38D /* mapkitSwift3UITests.xctest */,
			);
			name = Products;
			sourceTree = "<group>";
		};
		00F38D1B1EB6CC5000BFD38D /* mapkitSwift3 */ = {
			isa = PBXGroup;
			children = (
				00F38D1C1EB6CC5000BFD38D /* AppDelegate.swift */,
				00F38D1E1EB6CC5000BFD38D /* ViewController.swift */,
				00F38D201EB6CC5000BFD38D /* Main.storyboard */,
				00F38D231EB6CC5000BFD38D /* Assets.xcassets */,
				00F38D251EB6CC5000BFD38D /* LaunchScreen.storyboard */,
				00F38D281EB6CC5000BFD38D /* Info.plist */,
			);
			path = mapkitSwift3;
			sourceTree = "<group>";
		};
		00F38D301EB6CC5000BFD38D /* mapkitSwift3Tests */ = {
			isa = PBXGroup;
			children = (
				00F38D311EB6CC5000BFD38D /* mapkitSwift3Tests.swift */,
				00F38D331EB6CC5000BFD38D /* Info.plist */,
			);
			path = mapkitSwift3Tests;
			sourceTree = "<group>";
		};
		00F38D3B1EB6CC5000BFD38D /* mapkitSwift3UITests */ = {
			isa = PBXGroup;
			children = (
				00F38D3C1EB6CC5000BFD38D /* mapkitSwift3UITests.swift */,
				00F38D3E1EB6CC5000BFD38D /* Info.plist */,
			);
			path = mapkitSwift3UITests;
			sourceTree = "<group>";
		};
/* End PBXGroup section */

/* Begin PBXNativeTarget section */
		00F38D181EB6CC5000BFD38D /* mapkitSwift3 */ = {
			isa = PBXNativeTarget;
			buildConfigurationList = 00F38D411EB6CC5000BFD38D /* Build configuration list for PBXNativeTarget "mapkitSwift3" */;
			buildPhases = (
				00F38D151EB6CC5000BFD38D /* Sources */,
				00F38D161EB6CC5000BFD38D /* Frameworks */,
				00F38D171EB6CC5000BFD38D /* Resources */,
			);
			buildRules = (
			);
			dependencies = (
			);
			name = mapkitSwift3;
			productName = mapkitSwift3;
			productReference = 00F38D191EB6CC5000BFD38D /* mapkitSwift3.app */;
			productType = "com.apple.product-type.application";
		};
		00F38D2C1EB6CC5000BFD38D /* mapkitSwift3Tests */ = {
			isa = PBXNativeTarget;
			buildConfigurationList = 00F38D441EB6CC5000BFD38D /* Build configuration list for PBXNativeTarget "mapkitSwift3Tests" */;
			buildPhases = (
				00F38D291EB6CC5000BFD38D /* Sources */,
				00F38D2A1EB6CC5000BFD38D /* Frameworks */,
				00F38D2B1EB6CC5000BFD38D /* Resources */,
			);
			buildRules = (
			);
			dependencies = (
				00F38D2F1EB6CC5000BFD38D /* PBXTargetDependency */,
			);
			name = mapkitSwift3Tests;
			productName = mapkitSwift3Tests;
			productReference = 00F38D2D1EB6CC5000BFD38D /* mapkitSwift3Tests.xctest */;
			productType = "com.apple.product-type.bundle.unit-test";
		};
		00F38D371EB6CC5000BFD38D /* mapkitSwift3UITests */ = {
			isa = PBXNativeTarget;
			buildConfigurationList = 00F38D471EB6CC5000BFD38D /* Build configuration list for PBXNativeTarget "mapkitSwift3UITests" */;
			buildPhases = (
				00F38D341EB6CC5000BFD38D /* Sources */,
				00F38D351EB6CC5000BFD38D /* Frameworks */,
				00F38D361EB6CC5000BFD38D /* Resources */,
			);
			buildRules = (
			);
			dependencies = (
				00F38D3A1EB6CC5000BFD38D /* PBXTargetDependency */,
			);
			name = mapkitSwift3UITests;
			productName = mapkitSwift3UITests;
			productReference = 00F38D381EB6CC5000BFD38D /* mapkitSwift3UITests.xctest */;
			productType = "com.apple.product-type.bundle.ui-testing";
		};
/* End PBXNativeTarget section */

/* Begin PBXProject section */
		00F38D111EB6CC5000BFD38D /* Project object */ = {
			isa = PBXProject;
			attributes = {
				LastSwiftUpdateCheck = 0830;
				LastUpgradeCheck = 0830;
				ORGANIZATIONNAME = "Dylan Weaver";
				TargetAttributes = {
					00F38D181EB6CC5000BFD38D = {
						CreatedOnToolsVersion = 8.3.2;
						ProvisioningStyle = Automatic;
					};
					00F38D2C1EB6CC5000BFD38D = {
						CreatedOnToolsVersion = 8.3.2;
						ProvisioningStyle = Automatic;
						TestTargetID = 00F38D181EB6CC5000BFD38D;
					};
					00F38D371EB6CC5000BFD38D = {
						CreatedOnToolsVersion = 8.3.2;
						ProvisioningStyle = Automatic;
						TestTargetID = 00F38D181EB6CC5000BFD38D;
					};
				};
			};
			buildConfigurationList = 00F38D141EB6CC5000BFD38D /* Build configuration list for PBXProject "mapkitSwift3" */;
			compatibilityVersion = "Xcode 3.2";
			developmentRegion = English;
			hasScannedForEncodings = 0;
			knownRegions = (
				en,
				Base,
			);
			mainGroup = 00F38D101EB6CC5000BFD38D;
			productRefGroup = 00F38D1A1EB6CC5000BFD38D /* Products */;
			projectDirPath = "";
			projectRoot = "";
			targets = (
				00F38D181EB6CC5000BFD38D /* mapkitSwift3 */,
				00F38D2C1EB6CC5000BFD38D /* mapkitSwift3Tests */,
				00F38D371EB6CC5000BFD38D /* mapkitSwift3UITests */,
			);
		};
/* End PBXProject section */

/* Begin PBXResourcesBuildPhase section */
		00F38D171EB6CC5000BFD38D /* Resources */ = {
			isa = PBXResourcesBuildPhase;
			buildActionMask = 2147483647;
			files = (
				00F38D271EB6CC5000BFD38D /* LaunchScreen.storyboard in Resources */,
				00F38D241EB6CC5000BFD38D /* Assets.xcassets in Resources */,
				00F38D221EB6CC5000BFD38D /* Main.storyboard in Resources */,
			);
			runOnlyForDeploymentPostprocessing = 0;
		};
		00F38D2B1EB6CC5000BFD38D /* Resources */ = {
			isa = PBXResourcesBuildPhase;
			buildActionMask = 2147483647;
			files = (
			);
			runOnlyForDeploymentPostprocessing = 0;
		};
		00F38D361EB6CC5000BFD38D /* Resources */ = {
			isa = PBXResourcesBuildPhase;
			buildActionMask = 2147483647;
			files = (
			);
			runOnlyForDeploymentPostprocessing = 0;
		};
/* End PBXResourcesBuildPhase section */

/* Begin PBXSourcesBuildPhase section */
		00F38D151EB6CC5000BFD38D /* Sources */ = {
			isa = PBXSourcesBuildPhase;
			buildActionMask = 2147483647;
			files = (
				00F38D1F1EB6CC5000BFD38D /* ViewController.swift in Sources */,
				00F38D1D1EB6CC5000BFD38D /* AppDelegate.swift in Sources */,
			);
			runOnlyForDeploymentPostprocessing = 0;
		};
		00F38D291EB6CC5000BFD38D /* Sources */ = {
			isa = PBXSourcesBuildPhase;
			buildActionMask = 2147483647;
			files = (
				00F38D321EB6CC5000BFD38D /* mapkitSwift3Tests.swift in Sources */,
			);
			runOnlyForDeploymentPostprocessing = 0;
		};
		00F38D341EB6CC5000BFD38D /* Sources */ = {
			isa = PBXSourcesBuildPhase;
			buildActionMask = 2147483647;
			files = (
				00F38D3D1EB6CC5000BFD38D /* mapkitSwift3UITests.swift in Sources */,
			);
			runOnlyForDeploymentPostprocessing = 0;
		};
/* End PBXSourcesBuildPhase section */

/* Begin PBXTargetDependency section */
		00F38D2F1EB6CC5000BFD38D /* PBXTargetDependency */ = {
			isa = PBXTargetDependency;
			target = 00F38D181EB6CC5000BFD38D /* mapkitSwift3 */;
			targetProxy = 00F38D2E1EB6CC5000BFD38D /* PBXContainerItemProxy */;
		};
		00F38D3A1EB6CC5000BFD38D /* PBXTargetDependency */ = {
			isa = PBXTargetDependency;
			target = 00F38D181EB6CC5000BFD38D /* mapkitSwift3 */;
			targetProxy = 00F38D391EB6CC5000BFD38D /* PBXContainerItemProxy */;
		};
/* End PBXTargetDependency section */

/* Begin PBXVariantGroup section */
		00F38D201EB6CC5000BFD38D /* Main.storyboard */ = {
			isa = PBXVariantGroup;
			children = (
				00F38D211EB6CC5000BFD38D /* Base */,
			);
			name = Main.storyboard;
			sourceTree = "<group>";
		};
		00F38D251EB6CC5000BFD38D /* LaunchScreen.storyboard */ = {
			isa = PBXVariantGroup;
			children = (
				00F38D261EB6CC5000BFD38D /* Base */,
			);
			name = LaunchScreen.storyboard;
			sourceTree = "<group>";
		};
/* End PBXVariantGroup section */

/* Begin XCBuildConfiguration section */
		00F38D3F1EB6CC5000BFD38D /* Debug */ = {
			isa = XCBuildConfiguration;
			buildSettings = {
				ALWAYS_SEARCH_USER_PATHS = NO;
				CLANG_ANALYZER_NONNULL = YES;
				CLANG_ANALYZER_NUMBER_OBJECT_CONVERSION = YES_AGGRESSIVE;
				CLANG_CXX_LANGUAGE_STANDARD = "gnu++0x";
				CLANG_CXX_LIBRARY = "libc++";
				CLANG_ENABLE_MODULES = YES;
				CLANG_ENABLE_OBJC_ARC = YES;
				CLANG_WARN_BOOL_CONVERSION = YES;
				CLANG_WARN_CONSTANT_CONVERSION = YES;
				CLANG_WARN_DIRECT_OBJC_ISA_USAGE = YES_ERROR;
				CLANG_WARN_DOCUMENTATION_COMMENTS = YES;
				CLANG_WARN_EMPTY_BODY = YES;
				CLANG_WARN_ENUM_CONVERSION = YES;
				CLANG_WARN_INFINITE_RECURSION = YES;
				CLANG_WARN_INT_CONVERSION = YES;
				CLANG_WARN_OBJC_ROOT_CLASS = YES_ERROR;
				CLANG_WARN_SUSPICIOUS_MOVE = YES;
				CLANG_WARN_UNREACHABLE_CODE = YES;
				CLANG_WARN__DUPLICATE_METHOD_MATCH = YES;
				"CODE_SIGN_IDENTITY[sdk=iphoneos*]" = "iPhone Developer";
				COPY_PHASE_STRIP = NO;
				DEBUG_INFORMATION_FORMAT = dwarf;
				ENABLE_STRICT_OBJC_MSGSEND = YES;
				ENABLE_TESTABILITY = YES;
				GCC_C_LANGUAGE_STANDARD = gnu99;
				GCC_DYNAMIC_NO_PIC = NO;
				GCC_NO_COMMON_BLOCKS = YES;
				GCC_OPTIMIZATION_LEVEL = 0;
				GCC_PREPROCESSOR_DEFINITIONS = (
					"DEBUG=1",
					"$(inherited)",
				);
				GCC_WARN_64_TO_32_BIT_CONVERSION = YES;
				GCC_WARN_ABOUT_RETURN_TYPE = YES_ERROR;
				GCC_WARN_UNDECLARED_SELECTOR = YES;
				GCC_WARN_UNINITIALIZED_AUTOS = YES_AGGRESSIVE;
				GCC_WARN_UNUSED_FUNCTION = YES;
				GCC_WARN_UNUSED_VARIABLE = YES;
				IPHONEOS_DEPLOYMENT_TARGET = 10.3;
				MTL_ENABLE_DEBUG_INFO = YES;
				ONLY_ACTIVE_ARCH = YES;
				SDKROOT = iphoneos;
				SWIFT_ACTIVE_COMPILATION_CONDITIONS = DEBUG;
				SWIFT_OPTIMIZATION_LEVEL = "-Onone";
				TARGETED_DEVICE_FAMILY = "1,2";
			};
			name = Debug;
		};
		00F38D401EB6CC5000BFD38D /* Release */ = {
			isa = XCBuildConfiguration;
			buildSettings = {
				ALWAYS_SEARCH_USER_PATHS = NO;
				CLANG_ANALYZER_NONNULL = YES;
				CLANG_ANALYZER_NUMBER_OBJECT_CONVERSION = YES_AGGRESSIVE;
				CLANG_CXX_LANGUAGE_STANDARD = "gnu++0x";
				CLANG_CXX_LIBRARY = "libc++";
				CLANG_ENABLE_MODULES = YES;
				CLANG_ENABLE_OBJC_ARC = YES;
				CLANG_WARN_BOOL_CONVERSION = YES;
				CLANG_WARN_CONSTANT_CONVERSION = YES;
				CLANG_WARN_DIRECT_OBJC_ISA_USAGE = YES_ERROR;
				CLANG_WARN_DOCUMENTATION_COMMENTS = YES;
				CLANG_WARN_EMPTY_BODY = YES;
				CLANG_WARN_ENUM_CONVERSION = YES;
				CLANG_WARN_INFINITE_RECURSION = YES;
				CLANG_WARN_INT_CONVERSION = YES;
				CLANG_WARN_OBJC_ROOT_CLASS = YES_ERROR;
				CLANG_WARN_SUSPICIOUS_MOVE = YES;
				CLANG_WARN_UNREACHABLE_CODE = YES;
				CLANG_WARN__DUPLICATE_METHOD_MATCH = YES;
				"CODE_SIGN_IDENTITY[sdk=iphoneos*]" = "iPhone Developer";
				COPY_PHASE_STRIP = NO;
				DEBUG_INFORMATION_FORMAT = "dwarf-with-dsym";
				ENABLE_NS_ASSERTIONS = NO;
				ENABLE_STRICT_OBJC_MSGSEND = YES;
				GCC_C_LANGUAGE_STANDARD = gnu99;
				GCC_NO_COMMON_BLOCKS = YES;
				GCC_WARN_64_TO_32_BIT_CONVERSION = YES;
				GCC_WARN_ABOUT_RETURN_TYPE = YES_ERROR;
				GCC_WARN_UNDECLARED_SELECTOR = YES;
				GCC_WARN_UNINITIALIZED_AUTOS = YES_AGGRESSIVE;
				GCC_WARN_UNUSED_FUNCTION = YES;
				GCC_WARN_UNUSED_VARIABLE = YES;
				IPHONEOS_DEPLOYMENT_TARGET = 10.3;
				MTL_ENABLE_DEBUG_INFO = NO;
				SDKROOT = iphoneos;
				SWIFT_OPTIMIZATION_LEVEL = "-Owholemodule";
				TARGETED_DEVICE_FAMILY = "1,2";
				VALIDATE_PRODUCT = YES;
			};
			name = Release;
		};
		00F38D421EB6CC5000BFD38D /* Debug */ = {
			isa = XCBuildConfiguration;
			buildSettings = {
				ASSETCATALOG_COMPILER_APPICON_NAME = AppIcon;
				INFOPLIST_FILE = mapkitSwift3/Info.plist;
				LD_RUNPATH_SEARCH_PATHS = "$(inherited) @executable_path/Frameworks";
				PRODUCT_BUNDLE_IDENTIFIER = "Dylan-Weaver.mapkitSwift3";
				PRODUCT_NAME = "$(TARGET_NAME)";
				SWIFT_VERSION = 3.0;
			};
			name = Debug;
		};
		00F38D431EB6CC5000BFD38D /* Release */ = {
			isa = XCBuildConfiguration;
			buildSettings = {
				ASSETCATALOG_COMPILER_APPICON_NAME = AppIcon;
				INFOPLIST_FILE = mapkitSwift3/Info.plist;
				LD_RUNPATH_SEARCH_PATHS = "$(inherited) @executable_path/Frameworks";
				PRODUCT_BUNDLE_IDENTIFIER = "Dylan-Weaver.mapkitSwift3";
				PRODUCT_NAME = "$(TARGET_NAME)";
				SWIFT_VERSION = 3.0;
			};
			name = Release;
		};
		00F38D451EB6CC5000BFD38D /* Debug */ = {
			isa = XCBuildConfiguration;
			buildSettings = {
				ALWAYS_EMBED_SWIFT_STANDARD_LIBRARIES = YES;
				BUNDLE_LOADER = "$(TEST_HOST)";
				INFOPLIST_FILE = mapkitSwift3Tests/Info.plist;
				LD_RUNPATH_SEARCH_PATHS = "$(inherited) @executable_path/Frameworks @loader_path/Frameworks";
				PRODUCT_BUNDLE_IDENTIFIER = "Dylan-Weaver.mapkitSwift3Tests";
				PRODUCT_NAME = "$(TARGET_NAME)";
				SWIFT_VERSION = 3.0;
				TEST_HOST = "$(BUILT_PRODUCTS_DIR)/mapkitSwift3.app/mapkitSwift3";
			};
			name = Debug;
		};
		00F38D461EB6CC5000BFD38D /* Release */ = {
			isa = XCBuildConfiguration;
			buildSettings = {
				ALWAYS_EMBED_SWIFT_STANDARD_LIBRARIES = YES;
				BUNDLE_LOADER = "$(TEST_HOST)";
				INFOPLIST_FILE = mapkitSwift3Tests/Info.plist;
				LD_RUNPATH_SEARCH_PATHS = "$(inherited) @executable_path/Frameworks @loader_path/Frameworks";
				PRODUCT_BUNDLE_IDENTIFIER = "Dylan-Weaver.mapkitSwift3Tests";
				PRODUCT_NAME = "$(TARGET_NAME)";
				SWIFT_VERSION = 3.0;
				TEST_HOST = "$(BUILT_PRODUCTS_DIR)/mapkitSwift3.app/mapkitSwift3";
			};
			name = Release;
		};
		00F38D481EB6CC5000BFD38D /* Debug */ = {
			isa = XCBuildConfiguration;
			buildSettings = {
				ALWAYS_EMBED_SWIFT_STANDARD_LIBRARIES = YES;
				INFOPLIST_FILE = mapkitSwift3UITests/Info.plist;
				LD_RUNPATH_SEARCH_PATHS = "$(inherited) @executable_path/Frameworks @loader_path/Frameworks";
				PRODUCT_BUNDLE_IDENTIFIER = "Dylan-Weaver.mapkitSwift3UITests";
				PRODUCT_NAME = "$(TARGET_NAME)";
				SWIFT_VERSION = 3.0;
				TEST_TARGET_NAME = mapkitSwift3;
			};
			name = Debug;
		};
		00F38D491EB6CC5000BFD38D /* Release */ = {
			isa = XCBuildConfiguration;
			buildSettings = {
				ALWAYS_EMBED_SWIFT_STANDARD_LIBRARIES = YES;
				INFOPLIST_FILE = mapkitSwift3UITests/Info.plist;
				LD_RUNPATH_SEARCH_PATHS = "$(inherited) @executable_path/Frameworks @loader_path/Frameworks";
				PRODUCT_BUNDLE_IDENTIFIER = "Dylan-Weaver.mapkitSwift3UITests";
				PRODUCT_NAME = "$(TARGET_NAME)";
				SWIFT_VERSION = 3.0;
				TEST_TARGET_NAME = mapkitSwift3;
			};
			name = Release;
		};
/* End XCBuildConfiguration section */

/* Begin XCConfigurationList section */
		00F38D141EB6CC5000BFD38D /* Build configuration list for PBXProject "mapkitSwift3" */ = {
			isa = XCConfigurationList;
			buildConfigurations = (
				00F38D3F1EB6CC5000BFD38D /* Debug */,
				00F38D401EB6CC5000BFD38D /* Release */,
			);
			defaultConfigurationIsVisible = 0;
			defaultConfigurationName = Release;
		};
		00F38D411EB6CC5000BFD38D /* Build configuration list for PBXNativeTarget "mapkitSwift3" */ = {
			isa = XCConfigurationList;
			buildConfigurations = (
				00F38D421EB6CC5000BFD38D /* Debug */,
				00F38D431EB6CC5000BFD38D /* Release */,
			);
			defaultConfigurationIsVisible = 0;
		};
		00F38D441EB6CC5000BFD38D /* Build configuration list for PBXNativeTarget "mapkitSwift3Tests" */ = {
			isa = XCConfigurationList;
			buildConfigurations = (
				00F38D451EB6CC5000BFD38D /* Debug */,
				00F38D461EB6CC5000BFD38D /* Release */,
			);
			defaultConfigurationIsVisible = 0;
		};
		00F38D471EB6CC5000BFD38D /* Build configuration list for PBXNativeTarget "mapkitSwift3UITests" */ = {
			isa = XCConfigurationList;
			buildConfigurations = (
				00F38D481EB6CC5000BFD38D /* Debug */,
				00F38D491EB6CC5000BFD38D /* Release */,
			);
			defaultConfigurationIsVisible = 0;
		};
/* End XCConfigurationList section */
	};
	rootObject = 00F38D111EB6CC5000BFD38D /* Project object */;
}
